// !$*UTF8*$!
{
	archiveVersion = 1;
	classes = {
	};
	objectVersion = 46;
	objects = {

/* Begin PBXBuildFile section */
		320B7BE419F73BBE00E8B10C /* AppDelegate.swift in Sources */ = {isa = PBXBuildFile; fileRef = 320B7BE319F73BBE00E8B10C /* AppDelegate.swift */; };
		320B7BEB19F73BBE00E8B10C /* Main.storyboard in Resources */ = {isa = PBXBuildFile; fileRef = 320B7BE919F73BBE00E8B10C /* Main.storyboard */; };
		320B7BED19F73BBE00E8B10C /* Images.xcassets in Resources */ = {isa = PBXBuildFile; fileRef = 320B7BEC19F73BBE00E8B10C /* Images.xcassets */; };
		320B7BF019F73BBE00E8B10C /* LaunchScreen.xib in Resources */ = {isa = PBXBuildFile; fileRef = 320B7BEE19F73BBE00E8B10C /* LaunchScreen.xib */; };
		320B7BFC19F73BBE00E8B10C /* TodoTests.swift in Sources */ = {isa = PBXBuildFile; fileRef = 320B7BFB19F73BBE00E8B10C /* TodoTests.swift */; };
		320B87E31A2129D000BBAB5C /* TemplateDays.swift in Sources */ = {isa = PBXBuildFile; fileRef = 320B87E21A2129D000BBAB5C /* TemplateDays.swift */; };
		323385BE19FC4EFF0043159E /* Date.swift in Sources */ = {isa = PBXBuildFile; fileRef = 323385BD19FC4EFF0043159E /* Date.swift */; };
		324E8A811A0EB3F00075E544 /* TemplateViewController.swift in Sources */ = {isa = PBXBuildFile; fileRef = 324E8A801A0EB3F00075E544 /* TemplateViewController.swift */; };
		324E8A831A0EBFDB0075E544 /* TodoItemCell.swift in Sources */ = {isa = PBXBuildFile; fileRef = 324E8A821A0EBFDB0075E544 /* TodoItemCell.swift */; };
		3255D86B1A094E9100A60DC9 /* Day.swift in Sources */ = {isa = PBXBuildFile; fileRef = 3255D86A1A094E9100A60DC9 /* Day.swift */; };
		3255D86D1A094E9D00A60DC9 /* Template.swift in Sources */ = {isa = PBXBuildFile; fileRef = 3255D86C1A094E9D00A60DC9 /* Template.swift */; };
		3255D86F1A094EB000A60DC9 /* List.swift in Sources */ = {isa = PBXBuildFile; fileRef = 3255D86E1A094EB000A60DC9 /* List.swift */; };
		3255D8711A094EBB00A60DC9 /* TodoItem.swift in Sources */ = {isa = PBXBuildFile; fileRef = 3255D8701A094EBB00A60DC9 /* TodoItem.swift */; };
		3255D8731A094EC500A60DC9 /* StoreItem.swift in Sources */ = {isa = PBXBuildFile; fileRef = 3255D8721A094EC500A60DC9 /* StoreItem.swift */; };
		32725BB219F9FC68007D79D8 /* UserDataController.swift in Sources */ = {isa = PBXBuildFile; fileRef = 32725BB119F9FC68007D79D8 /* UserDataController.swift */; };
		32B5BD2A1A129A5600CD1AC1 /* EditTodoItemViewController.swift in Sources */ = {isa = PBXBuildFile; fileRef = 32B5BD291A129A5600CD1AC1 /* EditTodoItemViewController.swift */; };
		32F1990B1A0D59BF005B820E /* TemplatesViewController.swift in Sources */ = {isa = PBXBuildFile; fileRef = 32F9490C1A0C0A7C00B25B95 /* TemplatesViewController.swift */; };
		32F1991A1A0D5E1F005B820E /* Array.swift in Sources */ = {isa = PBXBuildFile; fileRef = 32F1990E1A0D5E1F005B820E /* Array.swift */; };
		32F1991B1A0D5E1F005B820E /* Dictionary.swift in Sources */ = {isa = PBXBuildFile; fileRef = 32F1990F1A0D5E1F005B820E /* Dictionary.swift */; };
		32F1991C1A0D5E1F005B820E /* Double.swift in Sources */ = {isa = PBXBuildFile; fileRef = 32F199101A0D5E1F005B820E /* Double.swift */; };
		32F1991D1A0D5E1F005B820E /* ExSwift.swift in Sources */ = {isa = PBXBuildFile; fileRef = 32F199121A0D5E1F005B820E /* ExSwift.swift */; };
		32F1991E1A0D5E1F005B820E /* Float.swift in Sources */ = {isa = PBXBuildFile; fileRef = 32F199131A0D5E1F005B820E /* Float.swift */; };
		32F1991F1A0D5E1F005B820E /* Info.plist in Resources */ = {isa = PBXBuildFile; fileRef = 32F199141A0D5E1F005B820E /* Info.plist */; };
		32F199201A0D5E1F005B820E /* Int.swift in Sources */ = {isa = PBXBuildFile; fileRef = 32F199151A0D5E1F005B820E /* Int.swift */; };
		32F199211A0D5E1F005B820E /* NSArray.swift in Sources */ = {isa = PBXBuildFile; fileRef = 32F199161A0D5E1F005B820E /* NSArray.swift */; };
		32F199221A0D5E1F005B820E /* Range.swift in Sources */ = {isa = PBXBuildFile; fileRef = 32F199171A0D5E1F005B820E /* Range.swift */; };
		32F199231A0D5E1F005B820E /* Sequence.swift in Sources */ = {isa = PBXBuildFile; fileRef = 32F199181A0D5E1F005B820E /* Sequence.swift */; };
		32F199241A0D5E1F005B820E /* String.swift in Sources */ = {isa = PBXBuildFile; fileRef = 32F199191A0D5E1F005B820E /* String.swift */; };
		5F6135677EE16F8A8ED35F1B /* libPods.a in Frameworks */ = {isa = PBXBuildFile; fileRef = 7FA5EBC08937AD721E11C64C /* libPods.a */; };
/* End PBXBuildFile section */

/* Begin PBXContainerItemProxy section */
		320B7BF619F73BBE00E8B10C /* PBXContainerItemProxy */ = {
			isa = PBXContainerItemProxy;
			containerPortal = 320B7BD619F73BBE00E8B10C /* Project object */;
			proxyType = 1;
			remoteGlobalIDString = 320B7BDD19F73BBE00E8B10C;
			remoteInfo = Todo;
		};
/* End PBXContainerItemProxy section */

/* Begin PBXFileReference section */
		320B7BDE19F73BBE00E8B10C /* Todo.app */ = {isa = PBXFileReference; explicitFileType = wrapper.application; includeInIndex = 0; path = Todo.app; sourceTree = BUILT_PRODUCTS_DIR; };
		320B7BE219F73BBE00E8B10C /* Info.plist */ = {isa = PBXFileReference; lastKnownFileType = text.plist.xml; path = Info.plist; sourceTree = "<group>"; };
		320B7BE319F73BBE00E8B10C /* AppDelegate.swift */ = {isa = PBXFileReference; lastKnownFileType = sourcecode.swift; path = AppDelegate.swift; sourceTree = "<group>"; };
		320B7BEA19F73BBE00E8B10C /* Base */ = {isa = PBXFileReference; lastKnownFileType = file.storyboard; name = Base; path = Base.lproj/Main.storyboard; sourceTree = "<group>"; };
		320B7BEC19F73BBE00E8B10C /* Images.xcassets */ = {isa = PBXFileReference; lastKnownFileType = folder.assetcatalog; path = Images.xcassets; sourceTree = "<group>"; };
		320B7BEF19F73BBE00E8B10C /* Base */ = {isa = PBXFileReference; lastKnownFileType = file.xib; name = Base; path = Base.lproj/LaunchScreen.xib; sourceTree = "<group>"; };
		320B7BF519F73BBE00E8B10C /* TodoTests.xctest */ = {isa = PBXFileReference; explicitFileType = wrapper.cfbundle; includeInIndex = 0; path = TodoTests.xctest; sourceTree = BUILT_PRODUCTS_DIR; };
		320B7BFA19F73BBE00E8B10C /* Info.plist */ = {isa = PBXFileReference; lastKnownFileType = text.plist.xml; path = Info.plist; sourceTree = "<group>"; };
		320B7BFB19F73BBE00E8B10C /* TodoTests.swift */ = {isa = PBXFileReference; lastKnownFileType = sourcecode.swift; path = TodoTests.swift; sourceTree = "<group>"; };
		320B87E21A2129D000BBAB5C /* TemplateDays.swift */ = {isa = PBXFileReference; fileEncoding = 4; lastKnownFileType = sourcecode.swift; path = TemplateDays.swift; sourceTree = "<group>"; };
		323385BD19FC4EFF0043159E /* Date.swift */ = {isa = PBXFileReference; fileEncoding = 4; lastKnownFileType = sourcecode.swift; path = Date.swift; sourceTree = "<group>"; };
		324E8A801A0EB3F00075E544 /* TemplateViewController.swift */ = {isa = PBXFileReference; fileEncoding = 4; lastKnownFileType = sourcecode.swift; path = TemplateViewController.swift; sourceTree = "<group>"; };
		324E8A821A0EBFDB0075E544 /* TodoItemCell.swift */ = {isa = PBXFileReference; fileEncoding = 4; lastKnownFileType = sourcecode.swift; path = TodoItemCell.swift; sourceTree = "<group>"; };
		3255D86A1A094E9100A60DC9 /* Day.swift */ = {isa = PBXFileReference; fileEncoding = 4; lastKnownFileType = sourcecode.swift; path = Day.swift; sourceTree = "<group>"; };
		3255D86C1A094E9D00A60DC9 /* Template.swift */ = {isa = PBXFileReference; fileEncoding = 4; lastKnownFileType = sourcecode.swift; path = Template.swift; sourceTree = "<group>"; };
		3255D86E1A094EB000A60DC9 /* List.swift */ = {isa = PBXFileReference; fileEncoding = 4; lastKnownFileType = sourcecode.swift; path = List.swift; sourceTree = "<group>"; };
		3255D8701A094EBB00A60DC9 /* TodoItem.swift */ = {isa = PBXFileReference; fileEncoding = 4; lastKnownFileType = sourcecode.swift; path = TodoItem.swift; sourceTree = "<group>"; };
		3255D8721A094EC500A60DC9 /* StoreItem.swift */ = {isa = PBXFileReference; fileEncoding = 4; lastKnownFileType = sourcecode.swift; path = StoreItem.swift; sourceTree = "<group>"; };
		32725BB119F9FC68007D79D8 /* UserDataController.swift */ = {isa = PBXFileReference; fileEncoding = 4; lastKnownFileType = sourcecode.swift; path = UserDataController.swift; sourceTree = "<group>"; };
		32725BB319F9FE2F007D79D8 /* Todo-Bridging-Header.h */ = {isa = PBXFileReference; lastKnownFileType = sourcecode.c.h; path = "Todo-Bridging-Header.h"; sourceTree = "<group>"; };
		32B5BD291A129A5600CD1AC1 /* EditTodoItemViewController.swift */ = {isa = PBXFileReference; fileEncoding = 4; lastKnownFileType = sourcecode.swift; path = EditTodoItemViewController.swift; sourceTree = "<group>"; };
		32F1990E1A0D5E1F005B820E /* Array.swift */ = {isa = PBXFileReference; fileEncoding = 4; lastKnownFileType = sourcecode.swift; path = Array.swift; sourceTree = "<group>"; };
		32F1990F1A0D5E1F005B820E /* Dictionary.swift */ = {isa = PBXFileReference; fileEncoding = 4; lastKnownFileType = sourcecode.swift; path = Dictionary.swift; sourceTree = "<group>"; };
		32F199101A0D5E1F005B820E /* Double.swift */ = {isa = PBXFileReference; fileEncoding = 4; lastKnownFileType = sourcecode.swift; path = Double.swift; sourceTree = "<group>"; };
		32F199111A0D5E1F005B820E /* ExSwift.h */ = {isa = PBXFileReference; fileEncoding = 4; lastKnownFileType = sourcecode.c.h; path = ExSwift.h; sourceTree = "<group>"; };
		32F199121A0D5E1F005B820E /* ExSwift.swift */ = {isa = PBXFileReference; fileEncoding = 4; lastKnownFileType = sourcecode.swift; path = ExSwift.swift; sourceTree = "<group>"; };
		32F199131A0D5E1F005B820E /* Float.swift */ = {isa = PBXFileReference; fileEncoding = 4; lastKnownFileType = sourcecode.swift; path = Float.swift; sourceTree = "<group>"; };
		32F199141A0D5E1F005B820E /* Info.plist */ = {isa = PBXFileReference; fileEncoding = 4; lastKnownFileType = text.plist.xml; path = Info.plist; sourceTree = "<group>"; };
		32F199151A0D5E1F005B820E /* Int.swift */ = {isa = PBXFileReference; fileEncoding = 4; lastKnownFileType = sourcecode.swift; path = Int.swift; sourceTree = "<group>"; };
		32F199161A0D5E1F005B820E /* NSArray.swift */ = {isa = PBXFileReference; fileEncoding = 4; lastKnownFileType = sourcecode.swift; path = NSArray.swift; sourceTree = "<group>"; };
		32F199171A0D5E1F005B820E /* Range.swift */ = {isa = PBXFileReference; fileEncoding = 4; lastKnownFileType = sourcecode.swift; path = Range.swift; sourceTree = "<group>"; };
		32F199181A0D5E1F005B820E /* Sequence.swift */ = {isa = PBXFileReference; fileEncoding = 4; lastKnownFileType = sourcecode.swift; path = Sequence.swift; sourceTree = "<group>"; };
		32F199191A0D5E1F005B820E /* String.swift */ = {isa = PBXFileReference; fileEncoding = 4; lastKnownFileType = sourcecode.swift; path = String.swift; sourceTree = "<group>"; };
		32F9490C1A0C0A7C00B25B95 /* TemplatesViewController.swift */ = {isa = PBXFileReference; fileEncoding = 4; lastKnownFileType = sourcecode.swift; path = TemplatesViewController.swift; sourceTree = "<group>"; };
		4906D3BCC1D5FD4AA8611638 /* Pods.release.xcconfig */ = {isa = PBXFileReference; includeInIndex = 1; lastKnownFileType = text.xcconfig; name = Pods.release.xcconfig; path = "Pods/Target Support Files/Pods/Pods.release.xcconfig"; sourceTree = "<group>"; };
		7FA5EBC08937AD721E11C64C /* libPods.a */ = {isa = PBXFileReference; explicitFileType = archive.ar; includeInIndex = 0; path = libPods.a; sourceTree = BUILT_PRODUCTS_DIR; };
		90694EACA3D33C762846310D /* Pods.debug.xcconfig */ = {isa = PBXFileReference; includeInIndex = 1; lastKnownFileType = text.xcconfig; name = Pods.debug.xcconfig; path = "Pods/Target Support Files/Pods/Pods.debug.xcconfig"; sourceTree = "<group>"; };
/* End PBXFileReference section */

/* Begin PBXFrameworksBuildPhase section */
		320B7BDB19F73BBE00E8B10C /* Frameworks */ = {
			isa = PBXFrameworksBuildPhase;
			buildActionMask = 2147483647;
			files = (
				5F6135677EE16F8A8ED35F1B /* libPods.a in Frameworks */,
			);
			runOnlyForDeploymentPostprocessing = 0;
		};
		320B7BF219F73BBE00E8B10C /* Frameworks */ = {
			isa = PBXFrameworksBuildPhase;
			buildActionMask = 2147483647;
			files = (
			);
			runOnlyForDeploymentPostprocessing = 0;
		};
/* End PBXFrameworksBuildPhase section */

/* Begin PBXGroup section */
		320B7BD519F73BBE00E8B10C = {
			isa = PBXGroup;
			children = (
				320B7BE019F73BBE00E8B10C /* Todo */,
				32F1990C1A0D5DEE005B820E /* External */,
				320B7BF819F73BBE00E8B10C /* TodoTests */,
				320B7BDF19F73BBE00E8B10C /* Products */,
				DB2ADEBCE789CE59EF2D580D /* Pods */,
				E58A5F20E9D080019EF55B77 /* Frameworks */,
			);
			sourceTree = "<group>";
		};
		320B7BDF19F73BBE00E8B10C /* Products */ = {
			isa = PBXGroup;
			children = (
				320B7BDE19F73BBE00E8B10C /* Todo.app */,
				320B7BF519F73BBE00E8B10C /* TodoTests.xctest */,
			);
			name = Products;
			sourceTree = "<group>";
		};
		320B7BE019F73BBE00E8B10C /* Todo */ = {
			isa = PBXGroup;
			children = (
				3255D8691A094E6C00A60DC9 /* User Data */,
				320B7BE319F73BBE00E8B10C /* AppDelegate.swift */,
				32F9490C1A0C0A7C00B25B95 /* TemplatesViewController.swift */,
				324E8A801A0EB3F00075E544 /* TemplateViewController.swift */,
				324E8A821A0EBFDB0075E544 /* TodoItemCell.swift */,
				32B5BD291A129A5600CD1AC1 /* EditTodoItemViewController.swift */,
				320B87E21A2129D000BBAB5C /* TemplateDays.swift */,
				320B7BE919F73BBE00E8B10C /* Main.storyboard */,
				320B7BEC19F73BBE00E8B10C /* Images.xcassets */,
				320B7BEE19F73BBE00E8B10C /* LaunchScreen.xib */,
				320B7BE119F73BBE00E8B10C /* Supporting Files */,
				32725BB319F9FE2F007D79D8 /* Todo-Bridging-Header.h */,
			);
			path = Todo;
			sourceTree = "<group>";
		};
		320B7BE119F73BBE00E8B10C /* Supporting Files */ = {
			isa = PBXGroup;
			children = (
				320B7BE219F73BBE00E8B10C /* Info.plist */,
			);
			name = "Supporting Files";
			sourceTree = "<group>";
		};
		320B7BF819F73BBE00E8B10C /* TodoTests */ = {
			isa = PBXGroup;
			children = (
				320B7BFB19F73BBE00E8B10C /* TodoTests.swift */,
				320B7BF919F73BBE00E8B10C /* Supporting Files */,
			);
			path = TodoTests;
			sourceTree = "<group>";
		};
		320B7BF919F73BBE00E8B10C /* Supporting Files */ = {
			isa = PBXGroup;
			children = (
				320B7BFA19F73BBE00E8B10C /* Info.plist */,
			);
			name = "Supporting Files";
			sourceTree = "<group>";
		};
		3255D8691A094E6C00A60DC9 /* User Data */ = {
			isa = PBXGroup;
			children = (
				32725BB119F9FC68007D79D8 /* UserDataController.swift */,
				3255D86A1A094E9100A60DC9 /* Day.swift */,
				323385BD19FC4EFF0043159E /* Date.swift */,
				3255D86C1A094E9D00A60DC9 /* Template.swift */,
				3255D86E1A094EB000A60DC9 /* List.swift */,
				3255D8701A094EBB00A60DC9 /* TodoItem.swift */,
				3255D8721A094EC500A60DC9 /* StoreItem.swift */,
			);
			name = "User Data";
			sourceTree = "<group>";
		};
		32F1990C1A0D5DEE005B820E /* External */ = {
			isa = PBXGroup;
			children = (
				32F1990D1A0D5E1F005B820E /* ExSwift */,
			);
			name = External;
			path = Todo;
			sourceTree = "<group>";
		};
		32F1990D1A0D5E1F005B820E /* ExSwift */ = {
			isa = PBXGroup;
			children = (
				32F1990E1A0D5E1F005B820E /* Array.swift */,
				32F1990F1A0D5E1F005B820E /* Dictionary.swift */,
				32F199101A0D5E1F005B820E /* Double.swift */,
				32F199111A0D5E1F005B820E /* ExSwift.h */,
				32F199121A0D5E1F005B820E /* ExSwift.swift */,
				32F199131A0D5E1F005B820E /* Float.swift */,
				32F199141A0D5E1F005B820E /* Info.plist */,
				32F199151A0D5E1F005B820E /* Int.swift */,
				32F199161A0D5E1F005B820E /* NSArray.swift */,
				32F199171A0D5E1F005B820E /* Range.swift */,
				32F199181A0D5E1F005B820E /* Sequence.swift */,
				32F199191A0D5E1F005B820E /* String.swift */,
			);
			name = ExSwift;
			path = External/ExSwift/ExSwift;
			sourceTree = SOURCE_ROOT;
		};
		DB2ADEBCE789CE59EF2D580D /* Pods */ = {
			isa = PBXGroup;
			children = (
				90694EACA3D33C762846310D /* Pods.debug.xcconfig */,
				4906D3BCC1D5FD4AA8611638 /* Pods.release.xcconfig */,
			);
			name = Pods;
			sourceTree = "<group>";
		};
		E58A5F20E9D080019EF55B77 /* Frameworks */ = {
			isa = PBXGroup;
			children = (
				7FA5EBC08937AD721E11C64C /* libPods.a */,
			);
			name = Frameworks;
			sourceTree = "<group>";
		};
/* End PBXGroup section */

/* Begin PBXNativeTarget section */
		320B7BDD19F73BBE00E8B10C /* Todo */ = {
			isa = PBXNativeTarget;
			buildConfigurationList = 320B7BFF19F73BBE00E8B10C /* Build configuration list for PBXNativeTarget "Todo" */;
			buildPhases = (
				E6146E424911B6D875B32D87 /* Check Pods Manifest.lock */,
				320B7BDA19F73BBE00E8B10C /* Sources */,
				320B7BDB19F73BBE00E8B10C /* Frameworks */,
				320B7BDC19F73BBE00E8B10C /* Resources */,
				923617BD3DE78F682E9CA14B /* Copy Pods Resources */,
			);
			buildRules = (
			);
			dependencies = (
			);
			name = Todo;
			productName = Todo;
			productReference = 320B7BDE19F73BBE00E8B10C /* Todo.app */;
			productType = "com.apple.product-type.application";
		};
		320B7BF419F73BBE00E8B10C /* TodoTests */ = {
			isa = PBXNativeTarget;
			buildConfigurationList = 320B7C0219F73BBE00E8B10C /* Build configuration list for PBXNativeTarget "TodoTests" */;
			buildPhases = (
				320B7BF119F73BBE00E8B10C /* Sources */,
				320B7BF219F73BBE00E8B10C /* Frameworks */,
				320B7BF319F73BBE00E8B10C /* Resources */,
			);
			buildRules = (
			);
			dependencies = (
				320B7BF719F73BBE00E8B10C /* PBXTargetDependency */,
			);
			name = TodoTests;
			productName = TodoTests;
			productReference = 320B7BF519F73BBE00E8B10C /* TodoTests.xctest */;
			productType = "com.apple.product-type.bundle.unit-test";
		};
/* End PBXNativeTarget section */

/* Begin PBXProject section */
		320B7BD619F73BBE00E8B10C /* Project object */ = {
			isa = PBXProject;
			attributes = {
				LastUpgradeCheck = 0600;
				ORGANIZATIONNAME = Mine;
				TargetAttributes = {
					320B7BDD19F73BBE00E8B10C = {
						CreatedOnToolsVersion = 6.0.1;
					};
					320B7BF419F73BBE00E8B10C = {
						CreatedOnToolsVersion = 6.0.1;
						TestTargetID = 320B7BDD19F73BBE00E8B10C;
					};
				};
			};
			buildConfigurationList = 320B7BD919F73BBE00E8B10C /* Build configuration list for PBXProject "Todo" */;
			compatibilityVersion = "Xcode 3.2";
			developmentRegion = English;
			hasScannedForEncodings = 0;
			knownRegions = (
				en,
				Base,
			);
			mainGroup = 320B7BD519F73BBE00E8B10C;
			productRefGroup = 320B7BDF19F73BBE00E8B10C /* Products */;
			projectDirPath = "";
			projectRoot = "";
			targets = (
				320B7BDD19F73BBE00E8B10C /* Todo */,
				320B7BF419F73BBE00E8B10C /* TodoTests */,
			);
		};
/* End PBXProject section */

/* Begin PBXResourcesBuildPhase section */
		320B7BDC19F73BBE00E8B10C /* Resources */ = {
			isa = PBXResourcesBuildPhase;
			buildActionMask = 2147483647;
			files = (
				32F1991F1A0D5E1F005B820E /* Info.plist in Resources */,
				320B7BEB19F73BBE00E8B10C /* Main.storyboard in Resources */,
				320B7BF019F73BBE00E8B10C /* LaunchScreen.xib in Resources */,
				320B7BED19F73BBE00E8B10C /* Images.xcassets in Resources */,
			);
			runOnlyForDeploymentPostprocessing = 0;
		};
		320B7BF319F73BBE00E8B10C /* Resources */ = {
			isa = PBXResourcesBuildPhase;
			buildActionMask = 2147483647;
			files = (
			);
			runOnlyForDeploymentPostprocessing = 0;
		};
/* End PBXResourcesBuildPhase section */

/* Begin PBXShellScriptBuildPhase section */
		923617BD3DE78F682E9CA14B /* Copy Pods Resources */ = {
			isa = PBXShellScriptBuildPhase;
			buildActionMask = 2147483647;
			files = (
			);
			inputPaths = (
			);
			name = "Copy Pods Resources";
			outputPaths = (
			);
			runOnlyForDeploymentPostprocessing = 0;
			shellPath = /bin/sh;
			shellScript = "\"${SRCROOT}/Pods/Target Support Files/Pods/Pods-resources.sh\"\n";
			showEnvVarsInLog = 0;
		};
		E6146E424911B6D875B32D87 /* Check Pods Manifest.lock */ = {
			isa = PBXShellScriptBuildPhase;
			buildActionMask = 2147483647;
			files = (
			);
			inputPaths = (
			);
			name = "Check Pods Manifest.lock";
			outputPaths = (
			);
			runOnlyForDeploymentPostprocessing = 0;
			shellPath = /bin/sh;
			shellScript = "diff \"${PODS_ROOT}/../Podfile.lock\" \"${PODS_ROOT}/Manifest.lock\" > /dev/null\nif [[ $? != 0 ]] ; then\n    cat << EOM\nerror: The sandbox is not in sync with the Podfile.lock. Run 'pod install' or update your CocoaPods installation.\nEOM\n    exit 1\nfi\n";
			showEnvVarsInLog = 0;
		};
/* End PBXShellScriptBuildPhase section */

/* Begin PBXSourcesBuildPhase section */
		320B7BDA19F73BBE00E8B10C /* Sources */ = {
			isa = PBXSourcesBuildPhase;
			buildActionMask = 2147483647;
			files = (
				32F199241A0D5E1F005B820E /* String.swift in Sources */,
				32F1990B1A0D59BF005B820E /* TemplatesViewController.swift in Sources */,
				32F1991A1A0D5E1F005B820E /* Array.swift in Sources */,
				32F199231A0D5E1F005B820E /* Sequence.swift in Sources */,
				32B5BD2A1A129A5600CD1AC1 /* EditTodoItemViewController.swift in Sources */,
				32F199221A0D5E1F005B820E /* Range.swift in Sources */,
				3255D8711A094EBB00A60DC9 /* TodoItem.swift in Sources */,
				324E8A811A0EB3F00075E544 /* TemplateViewController.swift in Sources */,
				3255D86D1A094E9D00A60DC9 /* Template.swift in Sources */,
				32F1991B1A0D5E1F005B820E /* Dictionary.swift in Sources */,
				32725BB219F9FC68007D79D8 /* UserDataController.swift in Sources */,
				323385BE19FC4EFF0043159E /* Date.swift in Sources */,
				3255D86B1A094E9100A60DC9 /* Day.swift in Sources */,
				32F199211A0D5E1F005B820E /* NSArray.swift in Sources */,
				32F1991D1A0D5E1F005B820E /* ExSwift.swift in Sources */,
				320B7BE419F73BBE00E8B10C /* AppDelegate.swift in Sources */,
				32F1991E1A0D5E1F005B820E /* Float.swift in Sources */,
				3255D8731A094EC500A60DC9 /* StoreItem.swift in Sources */,
				32F199201A0D5E1F005B820E /* Int.swift in Sources */,
				320B87E31A2129D000BBAB5C /* TemplateDays.swift in Sources */,
				32F1991C1A0D5E1F005B820E /* Double.swift in Sources */,
				324E8A831A0EBFDB0075E544 /* TodoItemCell.swift in Sources */,
				3255D86F1A094EB000A60DC9 /* List.swift in Sources */,
			);
			runOnlyForDeploymentPostprocessing = 0;
		};
		320B7BF119F73BBE00E8B10C /* Sources */ = {
			isa = PBXSourcesBuildPhase;
			buildActionMask = 2147483647;
			files = (
				320B7BFC19F73BBE00E8B10C /* TodoTests.swift in Sources */,
			);
			runOnlyForDeploymentPostprocessing = 0;
		};
/* End PBXSourcesBuildPhase section */

/* Begin PBXTargetDependency section */
		320B7BF719F73BBE00E8B10C /* PBXTargetDependency */ = {
			isa = PBXTargetDependency;
			target = 320B7BDD19F73BBE00E8B10C /* Todo */;
			targetProxy = 320B7BF619F73BBE00E8B10C /* PBXContainerItemProxy */;
		};
/* End PBXTargetDependency section */

/* Begin PBXVariantGroup section */
		320B7BE919F73BBE00E8B10C /* Main.storyboard */ = {
			isa = PBXVariantGroup;
			children = (
				320B7BEA19F73BBE00E8B10C /* Base */,
			);
			name = Main.storyboard;
			sourceTree = "<group>";
		};
		320B7BEE19F73BBE00E8B10C /* LaunchScreen.xib */ = {
			isa = PBXVariantGroup;
			children = (
				320B7BEF19F73BBE00E8B10C /* Base */,
			);
			name = LaunchScreen.xib;
			sourceTree = "<group>";
		};
/* End PBXVariantGroup section */

/* Begin XCBuildConfiguration section */
		320B7BFD19F73BBE00E8B10C /* Debug */ = {
			isa = XCBuildConfiguration;
			buildSettings = {
				ALWAYS_SEARCH_USER_PATHS = NO;
				CLANG_CXX_LANGUAGE_STANDARD = "gnu++0x";
				CLANG_CXX_LIBRARY = "libc++";
				CLANG_ENABLE_MODULES = YES;
				CLANG_ENABLE_OBJC_ARC = YES;
				CLANG_WARN_BOOL_CONVERSION = YES;
				CLANG_WARN_CONSTANT_CONVERSION = YES;
				CLANG_WARN_DIRECT_OBJC_ISA_USAGE = YES_ERROR;
				CLANG_WARN_EMPTY_BODY = YES;
				CLANG_WARN_ENUM_CONVERSION = YES;
				CLANG_WARN_INT_CONVERSION = YES;
				CLANG_WARN_OBJC_ROOT_CLASS = YES_ERROR;
				CLANG_WARN_UNREACHABLE_CODE = YES;
				CLANG_WARN__DUPLICATE_METHOD_MATCH = YES;
				"CODE_SIGN_IDENTITY[sdk=iphoneos*]" = "iPhone Developer";
				COPY_PHASE_STRIP = NO;
				ENABLE_STRICT_OBJC_MSGSEND = YES;
				GCC_C_LANGUAGE_STANDARD = gnu99;
				GCC_DYNAMIC_NO_PIC = NO;
				GCC_OPTIMIZATION_LEVEL = 0;
				GCC_PREPROCESSOR_DEFINITIONS = (
					"DEBUG=1",
					"$(inherited)",
				);
				GCC_SYMBOLS_PRIVATE_EXTERN = NO;
				GCC_WARN_64_TO_32_BIT_CONVERSION = YES;
				GCC_WARN_ABOUT_RETURN_TYPE = YES_ERROR;
				GCC_WARN_UNDECLARED_SELECTOR = YES;
				GCC_WARN_UNINITIALIZED_AUTOS = YES_AGGRESSIVE;
				GCC_WARN_UNUSED_FUNCTION = YES;
				GCC_WARN_UNUSED_VARIABLE = YES;
				IPHONEOS_DEPLOYMENT_TARGET = 8.0;
				MTL_ENABLE_DEBUG_INFO = YES;
				ONLY_ACTIVE_ARCH = YES;
				SDKROOT = iphoneos;
				SWIFT_OPTIMIZATION_LEVEL = "-Onone";
				TARGETED_DEVICE_FAMILY = "1,2";
			};
			name = Debug;
		};
		320B7BFE19F73BBE00E8B10C /* Release */ = {
			isa = XCBuildConfiguration;
			buildSettings = {
				ALWAYS_SEARCH_USER_PATHS = NO;
				CLANG_CXX_LANGUAGE_STANDARD = "gnu++0x";
				CLANG_CXX_LIBRARY = "libc++";
				CLANG_ENABLE_MODULES = YES;
				CLANG_ENABLE_OBJC_ARC = YES;
				CLANG_WARN_BOOL_CONVERSION = YES;
				CLANG_WARN_CONSTANT_CONVERSION = YES;
				CLANG_WARN_DIRECT_OBJC_ISA_USAGE = YES_ERROR;
				CLANG_WARN_EMPTY_BODY = YES;
				CLANG_WARN_ENUM_CONVERSION = YES;
				CLANG_WARN_INT_CONVERSION = YES;
				CLANG_WARN_OBJC_ROOT_CLASS = YES_ERROR;
				CLANG_WARN_UNREACHABLE_CODE = YES;
				CLANG_WARN__DUPLICATE_METHOD_MATCH = YES;
				"CODE_SIGN_IDENTITY[sdk=iphoneos*]" = "iPhone Developer";
				COPY_PHASE_STRIP = YES;
				ENABLE_NS_ASSERTIONS = NO;
				ENABLE_STRICT_OBJC_MSGSEND = YES;
				GCC_C_LANGUAGE_STANDARD = gnu99;
				GCC_WARN_64_TO_32_BIT_CONVERSION = YES;
				GCC_WARN_ABOUT_RETURN_TYPE = YES_ERROR;
				GCC_WARN_UNDECLARED_SELECTOR = YES;
				GCC_WARN_UNINITIALIZED_AUTOS = YES_AGGRESSIVE;
				GCC_WARN_UNUSED_FUNCTION = YES;
				GCC_WARN_UNUSED_VARIABLE = YES;
				IPHONEOS_DEPLOYMENT_TARGET = 8.0;
				MTL_ENABLE_DEBUG_INFO = NO;
				SDKROOT = iphoneos;
				TARGETED_DEVICE_FAMILY = "1,2";
				VALIDATE_PRODUCT = YES;
			};
			name = Release;
		};
		320B7C0019F73BBE00E8B10C /* Debug */ = {
			isa = XCBuildConfiguration;
			baseConfigurationReference = 90694EACA3D33C762846310D /* Pods.debug.xcconfig */;
			buildSettings = {
				ASSETCATALOG_COMPILER_APPICON_NAME = AppIcon;
				CLANG_ENABLE_MODULES = YES;
				INFOPLIST_FILE = Todo/Info.plist;
				LD_RUNPATH_SEARCH_PATHS = "$(inherited) @executable_path/Frameworks";
				PRODUCT_NAME = "$(TARGET_NAME)";
				SWIFT_OBJC_BRIDGING_HEADER = "Todo/Todo-Bridging-Header.h";
				SWIFT_OPTIMIZATION_LEVEL = "-Onone";
			};
			name = Debug;
		};
		320B7C0119F73BBE00E8B10C /* Release */ = {
			isa = XCBuildConfiguration;
			baseConfigurationReference = 4906D3BCC1D5FD4AA8611638 /* Pods.release.xcconfig */;
			buildSettings = {
				ASSETCATALOG_COMPILER_APPICON_NAME = AppIcon;
				CLANG_ENABLE_MODULES = YES;
				INFOPLIST_FILE = Todo/Info.plist;
				LD_RUNPATH_SEARCH_PATHS = "$(inherited) @executable_path/Frameworks";
				PRODUCT_NAME = "$(TARGET_NAME)";
				SWIFT_OBJC_BRIDGING_HEADER = "Todo/Todo-Bridging-Header.h";
			};
			name = Release;
		};
		320B7C0319F73BBE00E8B10C /* Debug */ = {
			isa = XCBuildConfiguration;
			buildSettings = {
				BUNDLE_LOADER = "$(TEST_HOST)";
				FRAMEWORK_SEARCH_PATHS = (
					"$(SDKROOT)/Developer/Library/Frameworks",
					"$(inherited)",
				);
				GCC_PREPROCESSOR_DEFINITIONS = (
					"DEBUG=1",
					"$(inherited)",
				);
				INFOPLIST_FILE = TodoTests/Info.plist;
				LD_RUNPATH_SEARCH_PATHS = "$(inherited) @executable_path/Frameworks @loader_path/Frameworks";
				PRODUCT_NAME = "$(TARGET_NAME)";
				TEST_HOST = "$(BUILT_PRODUCTS_DIR)/Todo.app/Todo";
			};
			name = Debug;
		};
		320B7C0419F73BBE00E8B10C /* Release */ = {
			isa = XCBuildConfiguration;
			buildSettings = {
				BUNDLE_LOADER = "$(TEST_HOST)";
				FRAMEWORK_SEARCH_PATHS = (
					"$(SDKROOT)/Developer/Library/Frameworks",
					"$(inherited)",
				);
				INFOPLIST_FILE = TodoTests/Info.plist;
				LD_RUNPATH_SEARCH_PATHS = "$(inherited) @executable_path/Frameworks @loader_path/Frameworks";
				PRODUCT_NAME = "$(TARGET_NAME)";
				TEST_HOST = "$(BUILT_PRODUCTS_DIR)/Todo.app/Todo";
			};
			name = Release;
		};
/* End XCBuildConfiguration section */

/* Begin XCConfigurationList section */
		320B7BD919F73BBE00E8B10C /* Build configuration list for PBXProject "Todo" */ = {
			isa = XCConfigurationList;
			buildConfigurations = (
				320B7BFD19F73BBE00E8B10C /* Debug */,
				320B7BFE19F73BBE00E8B10C /* Release */,
			);
			defaultConfigurationIsVisible = 0;
			defaultConfigurationName = Release;
		};
		320B7BFF19F73BBE00E8B10C /* Build configuration list for PBXNativeTarget "Todo" */ = {
			isa = XCConfigurationList;
			buildConfigurations = (
				320B7C0019F73BBE00E8B10C /* Debug */,
				320B7C0119F73BBE00E8B10C /* Release */,
			);
			defaultConfigurationIsVisible = 0;
			defaultConfigurationName = Release;
		};
		320B7C0219F73BBE00E8B10C /* Build configuration list for PBXNativeTarget "TodoTests" */ = {
			isa = XCConfigurationList;
			buildConfigurations = (
				320B7C0319F73BBE00E8B10C /* Debug */,
				320B7C0419F73BBE00E8B10C /* Release */,
			);
			defaultConfigurationIsVisible = 0;
			defaultConfigurationName = Release;
		};
/* End XCConfigurationList section */
	};
	rootObject = 320B7BD619F73BBE00E8B10C /* Project object */;
}
